
Microsoft Visual Studio Solution File, Format Version 12.00
Project("{FAE04EC0-301F-11D3-BF4B-00C04F79EFBC}") = "API.Test", "API.Test\API.Test.csproj", "{6395DA84-704B-4095-A5F5-DD40FBECFC8E}"
EndProject
Project("{FAE04EC0-301F-11D3-BF4B-00C04F79EFBC}") = "API", "API\API.csproj", "{239DD04E-9348-4C3A-8A02-340A2DB3CB99}"
EndProject
Project("{2150E333-8FDC-42A3-9474-1A3956D46DE8}") = "Database", "Database", "{ACAA6584-DEB4-4EF6-A356-0767ED01B2F1}"
EndProject
Project("{FAE04EC0-301F-11D3-BF4B-00C04F79EFBC}") = "Database.Common", "Database.Common\Database.Common.csproj", "{17094AD1-913C-49A1-8F41-9C8647BACBD3}"
EndProject
Project("{FAE04EC0-301F-11D3-BF4B-00C04F79EFBC}") = "Database.Common.Test", "Database.Common.Test\Database.Common.Test.csproj", "{9C069C14-1D87-4FB6-A700-7A6CB14D56F0}"
EndProject
Project("{FAE04EC0-301F-11D3-BF4B-00C04F79EFBC}") = "Database.Supabase", "Database.Supabase\Database.Supabase.csproj", "{4B5F50F0-BDDE-4274-AC0D-FE13B3CFAEF3}"
EndProject
Project("{2150E333-8FDC-42A3-9474-1A3956D46DE8}") = "Validation", "Validation", "{A8DC6A19-BDC3-4A4A-90B4-AF80103563BD}"
EndProject
Project("{FAE04EC0-301F-11D3-BF4B-00C04F79EFBC}") = "Validator", "Validator\Validator.csproj", "{A3361002-10A0-4938-B09B-C8A1C1787E2C}"
EndProject
Project("{FAE04EC0-301F-11D3-BF4B-00C04F79EFBC}") = "Validator.Tests", "Validator.Tests\Validator.Tests.csproj", "{97D95591-41B7-4B0B-8B56-A69A8462E099}"
EndProject
Project("{FAE04EC0-301F-11D3-BF4B-00C04F79EFBC}") = "TestUtilities", "TestUtilities\TestUtilities.csproj", "{04A17036-AE3D-44B4-8173-2FCC0C6A84A4}"
EndProject
Project("{FAE04EC0-301F-11D3-BF4B-00C04F79EFBC}") = "Database.Supabase.Test", "Database.Supabase.Test\Database.Supabase.Test.csproj", "{F627BE31-9EE8-480E-B12D-A5B16D7E1342}"
EndProject
Global
	GlobalSection(SolutionConfigurationPlatforms) = preSolution
		Debug|Any CPU = Debug|Any CPU
		Release|Any CPU = Release|Any CPU
	EndGlobalSection
	GlobalSection(ProjectConfigurationPlatforms) = postSolution
		{6395DA84-704B-4095-A5F5-DD40FBECFC8E}.Debug|Any CPU.ActiveCfg = Debug|Any CPU
		{6395DA84-704B-4095-A5F5-DD40FBECFC8E}.Debug|Any CPU.Build.0 = Debug|Any CPU
		{6395DA84-704B-4095-A5F5-DD40FBECFC8E}.Release|Any CPU.ActiveCfg = Release|Any CPU
		{6395DA84-704B-4095-A5F5-DD40FBECFC8E}.Release|Any CPU.Build.0 = Release|Any CPU
		{239DD04E-9348-4C3A-8A02-340A2DB3CB99}.Debug|Any CPU.ActiveCfg = Debug|Any CPU
		{239DD04E-9348-4C3A-8A02-340A2DB3CB99}.Debug|Any CPU.Build.0 = Debug|Any CPU
		{239DD04E-9348-4C3A-8A02-340A2DB3CB99}.Release|Any CPU.ActiveCfg = Release|Any CPU
		{239DD04E-9348-4C3A-8A02-340A2DB3CB99}.Release|Any CPU.Build.0 = Release|Any CPU
		{17094AD1-913C-49A1-8F41-9C8647BACBD3}.Debug|Any CPU.ActiveCfg = Debug|Any CPU
		{17094AD1-913C-49A1-8F41-9C8647BACBD3}.Debug|Any CPU.Build.0 = Debug|Any CPU
		{17094AD1-913C-49A1-8F41-9C8647BACBD3}.Release|Any CPU.ActiveCfg = Release|Any CPU
		{17094AD1-913C-49A1-8F41-9C8647BACBD3}.Release|Any CPU.Build.0 = Release|Any CPU
		{9C069C14-1D87-4FB6-A700-7A6CB14D56F0}.Debug|Any CPU.ActiveCfg = Debug|Any CPU
		{9C069C14-1D87-4FB6-A700-7A6CB14D56F0}.Debug|Any CPU.Build.0 = Debug|Any CPU
		{9C069C14-1D87-4FB6-A700-7A6CB14D56F0}.Release|Any CPU.ActiveCfg = Release|Any CPU
		{9C069C14-1D87-4FB6-A700-7A6CB14D56F0}.Release|Any CPU.Build.0 = Release|Any CPU
		{4B5F50F0-BDDE-4274-AC0D-FE13B3CFAEF3}.Debug|Any CPU.ActiveCfg = Debug|Any CPU
		{4B5F50F0-BDDE-4274-AC0D-FE13B3CFAEF3}.Debug|Any CPU.Build.0 = Debug|Any CPU
		{4B5F50F0-BDDE-4274-AC0D-FE13B3CFAEF3}.Release|Any CPU.ActiveCfg = Release|Any CPU
		{4B5F50F0-BDDE-4274-AC0D-FE13B3CFAEF3}.Release|Any CPU.Build.0 = Release|Any CPU
		{A3361002-10A0-4938-B09B-C8A1C1787E2C}.Debug|Any CPU.ActiveCfg = Debug|Any CPU
		{A3361002-10A0-4938-B09B-C8A1C1787E2C}.Debug|Any CPU.Build.0 = Debug|Any CPU
		{A3361002-10A0-4938-B09B-C8A1C1787E2C}.Release|Any CPU.ActiveCfg = Release|Any CPU
		{A3361002-10A0-4938-B09B-C8A1C1787E2C}.Release|Any CPU.Build.0 = Release|Any CPU
		{97D95591-41B7-4B0B-8B56-A69A8462E099}.Debug|Any CPU.ActiveCfg = Debug|Any CPU
		{97D95591-41B7-4B0B-8B56-A69A8462E099}.Debug|Any CPU.Build.0 = Debug|Any CPU
		{97D95591-41B7-4B0B-8B56-A69A8462E099}.Release|Any CPU.ActiveCfg = Release|Any CPU
		{97D95591-41B7-4B0B-8B56-A69A8462E099}.Release|Any CPU.Build.0 = Release|Any CPU
		{04A17036-AE3D-44B4-8173-2FCC0C6A84A4}.Debug|Any CPU.ActiveCfg = Debug|Any CPU
		{04A17036-AE3D-44B4-8173-2FCC0C6A84A4}.Debug|Any CPU.Build.0 = Debug|Any CPU
		{04A17036-AE3D-44B4-8173-2FCC0C6A84A4}.Release|Any CPU.ActiveCfg = Release|Any CPU
		{04A17036-AE3D-44B4-8173-2FCC0C6A84A4}.Release|Any CPU.Build.0 = Release|Any CPU
		{F627BE31-9EE8-480E-B12D-A5B16D7E1342}.Debug|Any CPU.ActiveCfg = Debug|Any CPU
		{F627BE31-9EE8-480E-B12D-A5B16D7E1342}.Debug|Any CPU.Build.0 = Debug|Any CPU
		{F627BE31-9EE8-480E-B12D-A5B16D7E1342}.Release|Any CPU.ActiveCfg = Release|Any CPU
		{F627BE31-9EE8-480E-B12D-A5B16D7E1342}.Release|Any CPU.Build.0 = Release|Any CPU
	EndGlobalSection
	GlobalSection(NestedProjects) = preSolution
		{17094AD1-913C-49A1-8F41-9C8647BACBD3} = {ACAA6584-DEB4-4EF6-A356-0767ED01B2F1}
		{9C069C14-1D87-4FB6-A700-7A6CB14D56F0} = {ACAA6584-DEB4-4EF6-A356-0767ED01B2F1}
		{4B5F50F0-BDDE-4274-AC0D-FE13B3CFAEF3} = {ACAA6584-DEB4-4EF6-A356-0767ED01B2F1}
		{A3361002-10A0-4938-B09B-C8A1C1787E2C} = {A8DC6A19-BDC3-4A4A-90B4-AF80103563BD}
		{97D95591-41B7-4B0B-8B56-A69A8462E099} = {A8DC6A19-BDC3-4A4A-90B4-AF80103563BD}
		{F627BE31-9EE8-480E-B12D-A5B16D7E1342} = {ACAA6584-DEB4-4EF6-A356-0767ED01B2F1}
	EndGlobalSection
EndGlobal
